// !$*UTF8*$!
{
	archiveVersion = 1;
	classes = {
	};
	objectVersion = 50;
	objects = {

/* Begin PBXBuildFile section */
		3F1983D120E18E4000F8AA03 /* SubtitleCell.swift in Sources */ = {isa = PBXBuildFile; fileRef = 3F1983D020E18E4000F8AA03 /* SubtitleCell.swift */; };
		3F2859D7212281FC002E3918 /* DummyTests.swift in Sources */ = {isa = PBXBuildFile; fileRef = 3F2859D6212281FC002E3918 /* DummyTests.swift */; };
		3F2859E021228341002E3918 /* OHHTTPStubs.framework in Frameworks */ = {isa = PBXBuildFile; fileRef = 3F2859DF21228341002E3918 /* OHHTTPStubs.framework */; };
		3F2859E32122835A002E3918 /* OHHTTPStubs.framework in Copy Frameworks */ = {isa = PBXBuildFile; fileRef = 3F2859DF21228341002E3918 /* OHHTTPStubs.framework */; settings = {ATTRIBUTES = (CodeSignOnCopy, RemoveHeadersOnCopy, ); }; };
		3F2859E921228B25002E3918 /* Result.swift in Sources */ = {isa = PBXBuildFile; fileRef = 3F2859E821228B25002E3918 /* Result.swift */; };
		3F51DDB12126A4C7007447EC /* main.swift in Sources */ = {isa = PBXBuildFile; fileRef = 3F51DDB02126A4C7007447EC /* main.swift */; };
		3F61461C20E426CC00384213 /* BookTableViewCell.swift in Sources */ = {isa = PBXBuildFile; fileRef = 3F61461A20E426CC00384213 /* BookTableViewCell.swift */; };
		3F61461D20E426CC00384213 /* BookTableViewCell.xib in Resources */ = {isa = PBXBuildFile; fileRef = 3F61461B20E426CC00384213 /* BookTableViewCell.xib */; };
		3F6413112131702400BAD870 /* NYTimesBooksStubs.swift in Sources */ = {isa = PBXBuildFile; fileRef = 3F6413102131702400BAD870 /* NYTimesBooksStubs.swift */; };
		3F6413132131704400BAD870 /* nytimes_response.json in Resources */ = {isa = PBXBuildFile; fileRef = 3F6413122131704400BAD870 /* nytimes_response.json */; };
		3FBFE81920EC271800853FAE /* ImageCache.swift in Sources */ = {isa = PBXBuildFile; fileRef = 3FBFE81820EC271800853FAE /* ImageCache.swift */; };
		3FC57F9F20DB24210011F6A6 /* AppDelegate.swift in Sources */ = {isa = PBXBuildFile; fileRef = 3FC57F9E20DB24210011F6A6 /* AppDelegate.swift */; };
		3FC57FA120DB24210011F6A6 /* ViewController.swift in Sources */ = {isa = PBXBuildFile; fileRef = 3FC57FA020DB24210011F6A6 /* ViewController.swift */; };
		3FC57FA420DB24210011F6A6 /* Main.storyboard in Resources */ = {isa = PBXBuildFile; fileRef = 3FC57FA220DB24210011F6A6 /* Main.storyboard */; };
		3FC57FA620DB24230011F6A6 /* Assets.xcassets in Resources */ = {isa = PBXBuildFile; fileRef = 3FC57FA520DB24230011F6A6 /* Assets.xcassets */; };
		3FC57FA920DB24230011F6A6 /* LaunchScreen.storyboard in Resources */ = {isa = PBXBuildFile; fileRef = 3FC57FA720DB24230011F6A6 /* LaunchScreen.storyboard */; };
		3FC57FB120DB37CC0011F6A6 /* Secrets.swift in Sources */ = {isa = PBXBuildFile; fileRef = 3FC57FB020DB37CC0011F6A6 /* Secrets.swift */; };
/* End PBXBuildFile section */

/* Begin PBXContainerItemProxy section */
		3F2859D9212281FC002E3918 /* PBXContainerItemProxy */ = {
			isa = PBXContainerItemProxy;
			containerPortal = 3FC57F9320DB24210011F6A6 /* Project object */;
			proxyType = 1;
			remoteGlobalIDString = 3FC57F9A20DB24210011F6A6;
			remoteInfo = biblio;
		};
/* End PBXContainerItemProxy section */

/* Begin PBXCopyFilesBuildPhase section */
		3F2859E22122834B002E3918 /* Copy Frameworks */ = {
			isa = PBXCopyFilesBuildPhase;
			buildActionMask = 2147483647;
			dstPath = "";
			dstSubfolderSpec = 10;
			files = (
				3F2859E32122835A002E3918 /* OHHTTPStubs.framework in Copy Frameworks */,
			);
			name = "Copy Frameworks";
			runOnlyForDeploymentPostprocessing = 0;
		};
/* End PBXCopyFilesBuildPhase section */

/* Begin PBXFileReference section */
		3F1983D020E18E4000F8AA03 /* SubtitleCell.swift */ = {isa = PBXFileReference; lastKnownFileType = sourcecode.swift; path = SubtitleCell.swift; sourceTree = "<group>"; };
		3F2859D4212281FB002E3918 /* biblioTests.xctest */ = {isa = PBXFileReference; explicitFileType = wrapper.cfbundle; includeInIndex = 0; path = biblioTests.xctest; sourceTree = BUILT_PRODUCTS_DIR; };
		3F2859D6212281FC002E3918 /* DummyTests.swift */ = {isa = PBXFileReference; lastKnownFileType = sourcecode.swift; path = DummyTests.swift; sourceTree = "<group>"; };
		3F2859D8212281FC002E3918 /* Info.plist */ = {isa = PBXFileReference; lastKnownFileType = text.plist.xml; path = Info.plist; sourceTree = "<group>"; };
		3F2859DF21228341002E3918 /* OHHTTPStubs.framework */ = {isa = PBXFileReference; lastKnownFileType = wrapper.framework; name = OHHTTPStubs.framework; path = Carthage/Build/iOS/OHHTTPStubs.framework; sourceTree = "<group>"; };
		3F2859E821228B25002E3918 /* Result.swift */ = {isa = PBXFileReference; lastKnownFileType = sourcecode.swift; path = Result.swift; sourceTree = "<group>"; };
		3F51DDB02126A4C7007447EC /* main.swift */ = {isa = PBXFileReference; lastKnownFileType = sourcecode.swift; path = main.swift; sourceTree = "<group>"; };
		3F61461A20E426CC00384213 /* BookTableViewCell.swift */ = {isa = PBXFileReference; lastKnownFileType = sourcecode.swift; path = BookTableViewCell.swift; sourceTree = "<group>"; };
		3F61461B20E426CC00384213 /* BookTableViewCell.xib */ = {isa = PBXFileReference; lastKnownFileType = file.xib; path = BookTableViewCell.xib; sourceTree = "<group>"; };
		3F6413102131702400BAD870 /* NYTimesBooksStubs.swift */ = {isa = PBXFileReference; lastKnownFileType = sourcecode.swift; path = NYTimesBooksStubs.swift; sourceTree = "<group>"; };
		3F6413122131704400BAD870 /* nytimes_response.json */ = {isa = PBXFileReference; fileEncoding = 4; lastKnownFileType = text.json; path = nytimes_response.json; sourceTree = "<group>"; };
		3FBFE81820EC271800853FAE /* ImageCache.swift */ = {isa = PBXFileReference; lastKnownFileType = sourcecode.swift; path = ImageCache.swift; sourceTree = "<group>"; };
		3FC57F9B20DB24210011F6A6 /* biblio.app */ = {isa = PBXFileReference; explicitFileType = wrapper.application; includeInIndex = 0; path = biblio.app; sourceTree = BUILT_PRODUCTS_DIR; };
		3FC57F9E20DB24210011F6A6 /* AppDelegate.swift */ = {isa = PBXFileReference; lastKnownFileType = sourcecode.swift; path = AppDelegate.swift; sourceTree = "<group>"; };
		3FC57FA020DB24210011F6A6 /* ViewController.swift */ = {isa = PBXFileReference; lastKnownFileType = sourcecode.swift; path = ViewController.swift; sourceTree = "<group>"; };
		3FC57FA320DB24210011F6A6 /* Base */ = {isa = PBXFileReference; lastKnownFileType = file.storyboard; name = Base; path = Base.lproj/Main.storyboard; sourceTree = "<group>"; };
		3FC57FA520DB24230011F6A6 /* Assets.xcassets */ = {isa = PBXFileReference; lastKnownFileType = folder.assetcatalog; path = Assets.xcassets; sourceTree = "<group>"; };
		3FC57FA820DB24230011F6A6 /* Base */ = {isa = PBXFileReference; lastKnownFileType = file.storyboard; name = Base; path = Base.lproj/LaunchScreen.storyboard; sourceTree = "<group>"; };
		3FC57FAA20DB24230011F6A6 /* Info.plist */ = {isa = PBXFileReference; lastKnownFileType = text.plist.xml; path = Info.plist; sourceTree = "<group>"; };
		3FC57FB020DB37CC0011F6A6 /* Secrets.swift */ = {isa = PBXFileReference; lastKnownFileType = sourcecode.swift; path = Secrets.swift; sourceTree = "<group>"; };
/* End PBXFileReference section */

/* Begin PBXFrameworksBuildPhase section */
		3F2859D1212281FB002E3918 /* Frameworks */ = {
			isa = PBXFrameworksBuildPhase;
			buildActionMask = 2147483647;
			files = (
				3F2859E021228341002E3918 /* OHHTTPStubs.framework in Frameworks */,
			);
			runOnlyForDeploymentPostprocessing = 0;
		};
		3FC57F9820DB24210011F6A6 /* Frameworks */ = {
			isa = PBXFrameworksBuildPhase;
			buildActionMask = 2147483647;
			files = (
			);
			runOnlyForDeploymentPostprocessing = 0;
		};
/* End PBXFrameworksBuildPhase section */

/* Begin PBXGroup section */
		3F2859D5212281FC002E3918 /* biblioTests */ = {
			isa = PBXGroup;
			children = (
				3F2859D6212281FC002E3918 /* DummyTests.swift */,
				3F2859D8212281FC002E3918 /* Info.plist */,
				3F6413122131704400BAD870 /* nytimes_response.json */,
				3F6413102131702400BAD870 /* NYTimesBooksStubs.swift */,
			);
			path = biblioTests;
			sourceTree = "<group>";
		};
		3F2859DE21228340002E3918 /* Frameworks */ = {
			isa = PBXGroup;
			children = (
				3F2859DF21228341002E3918 /* OHHTTPStubs.framework */,
			);
			name = Frameworks;
			sourceTree = "<group>";
		};
		3FC57F9220DB24210011F6A6 = {
			isa = PBXGroup;
			children = (
				3FC57F9D20DB24210011F6A6 /* biblio */,
				3F2859D5212281FC002E3918 /* biblioTests */,
				3FC57F9C20DB24210011F6A6 /* Products */,
				3F2859DE21228340002E3918 /* Frameworks */,
			);
			indentWidth = 2;
			sourceTree = "<group>";
			tabWidth = 2;
		};
		3FC57F9C20DB24210011F6A6 /* Products */ = {
			isa = PBXGroup;
			children = (
				3FC57F9B20DB24210011F6A6 /* biblio.app */,
				3F2859D4212281FB002E3918 /* biblioTests.xctest */,
			);
			name = Products;
			sourceTree = "<group>";
		};
		3FC57F9D20DB24210011F6A6 /* biblio */ = {
			isa = PBXGroup;
			children = (
				3FC57F9E20DB24210011F6A6 /* AppDelegate.swift */,
				3FC57FA020DB24210011F6A6 /* ViewController.swift */,
				3FBFE81820EC271800853FAE /* ImageCache.swift */,
				3FC57FA220DB24210011F6A6 /* Main.storyboard */,
				3FC57FA520DB24230011F6A6 /* Assets.xcassets */,
				3FC57FA720DB24230011F6A6 /* LaunchScreen.storyboard */,
				3FC57FAA20DB24230011F6A6 /* Info.plist */,
				3FC57FB020DB37CC0011F6A6 /* Secrets.swift */,
				3F1983D020E18E4000F8AA03 /* SubtitleCell.swift */,
				3F61461A20E426CC00384213 /* BookTableViewCell.swift */,
				3F61461B20E426CC00384213 /* BookTableViewCell.xib */,
				3F2859E821228B25002E3918 /* Result.swift */,
				3F51DDB02126A4C7007447EC /* main.swift */,
			);
			path = biblio;
			sourceTree = "<group>";
		};
/* End PBXGroup section */

/* Begin PBXNativeTarget section */
		3F2859D3212281FB002E3918 /* biblioTests */ = {
			isa = PBXNativeTarget;
			buildConfigurationList = 3F2859DD212281FC002E3918 /* Build configuration list for PBXNativeTarget "biblioTests" */;
			buildPhases = (
				3F2859D0212281FB002E3918 /* Sources */,
				3F2859D1212281FB002E3918 /* Frameworks */,
				3F2859D2212281FB002E3918 /* Resources */,
				3F2859E121228344002E3918 /* ShellScript */,
				3F2859E22122834B002E3918 /* Copy Frameworks */,
			);
			buildRules = (
			);
			dependencies = (
				3F2859DA212281FC002E3918 /* PBXTargetDependency */,
			);
			name = biblioTests;
			productName = biblioTests;
			productReference = 3F2859D4212281FB002E3918 /* biblioTests.xctest */;
			productType = "com.apple.product-type.bundle.unit-test";
		};
		3FC57F9A20DB24210011F6A6 /* biblio */ = {
			isa = PBXNativeTarget;
			buildConfigurationList = 3FC57FAD20DB24230011F6A6 /* Build configuration list for PBXNativeTarget "biblio" */;
			buildPhases = (
				3FC57F9720DB24210011F6A6 /* Sources */,
				3FC57F9820DB24210011F6A6 /* Frameworks */,
				3FC57F9920DB24210011F6A6 /* Resources */,
			);
			buildRules = (
			);
			dependencies = (
			);
			name = biblio;
			productName = biblio;
			productReference = 3FC57F9B20DB24210011F6A6 /* biblio.app */;
			productType = "com.apple.product-type.application";
		};
/* End PBXNativeTarget section */

/* Begin PBXProject section */
		3FC57F9320DB24210011F6A6 /* Project object */ = {
			isa = PBXProject;
			attributes = {
				LastSwiftUpdateCheck = 0940;
				LastUpgradeCheck = 0940;
				ORGANIZATIONNAME = mokagio;
				TargetAttributes = {
					3F2859D3212281FB002E3918 = {
						CreatedOnToolsVersion = 9.4.1;
						TestTargetID = 3FC57F9A20DB24210011F6A6;
					};
					3FC57F9A20DB24210011F6A6 = {
						CreatedOnToolsVersion = 9.4.1;
					};
				};
			};
			buildConfigurationList = 3FC57F9620DB24210011F6A6 /* Build configuration list for PBXProject "biblio" */;
			compatibilityVersion = "Xcode 9.3";
			developmentRegion = en;
			hasScannedForEncodings = 0;
			knownRegions = (
				en,
				Base,
			);
			mainGroup = 3FC57F9220DB24210011F6A6;
			productRefGroup = 3FC57F9C20DB24210011F6A6 /* Products */;
			projectDirPath = "";
			projectRoot = "";
			targets = (
				3FC57F9A20DB24210011F6A6 /* biblio */,
				3F2859D3212281FB002E3918 /* biblioTests */,
			);
		};
/* End PBXProject section */

/* Begin PBXResourcesBuildPhase section */
		3F2859D2212281FB002E3918 /* Resources */ = {
			isa = PBXResourcesBuildPhase;
			buildActionMask = 2147483647;
			files = (
				3F6413132131704400BAD870 /* nytimes_response.json in Resources */,
			);
			runOnlyForDeploymentPostprocessing = 0;
		};
		3FC57F9920DB24210011F6A6 /* Resources */ = {
			isa = PBXResourcesBuildPhase;
			buildActionMask = 2147483647;
			files = (
				3F61461D20E426CC00384213 /* BookTableViewCell.xib in Resources */,
				3FC57FA920DB24230011F6A6 /* LaunchScreen.storyboard in Resources */,
				3FC57FA620DB24230011F6A6 /* Assets.xcassets in Resources */,
				3FC57FA420DB24210011F6A6 /* Main.storyboard in Resources */,
			);
			runOnlyForDeploymentPostprocessing = 0;
		};
/* End PBXResourcesBuildPhase section */

/* Begin PBXShellScriptBuildPhase section */
		3F2859E121228344002E3918 /* ShellScript */ = {
			isa = PBXShellScriptBuildPhase;
			buildActionMask = 2147483647;
			files = (
			);
			inputPaths = (
			);
			outputPaths = (
			);
			runOnlyForDeploymentPostprocessing = 0;
			shellPath = /bin/sh;
			shellScript = "";
		};
/* End PBXShellScriptBuildPhase section */

/* Begin PBXSourcesBuildPhase section */
		3F2859D0212281FB002E3918 /* Sources */ = {
			isa = PBXSourcesBuildPhase;
			buildActionMask = 2147483647;
			files = (
				3F6413112131702400BAD870 /* NYTimesBooksStubs.swift in Sources */,
				3F2859D7212281FC002E3918 /* DummyTests.swift in Sources */,
			);
			runOnlyForDeploymentPostprocessing = 0;
		};
		3FC57F9720DB24210011F6A6 /* Sources */ = {
			isa = PBXSourcesBuildPhase;
			buildActionMask = 2147483647;
			files = (
				3FC57FA120DB24210011F6A6 /* ViewController.swift in Sources */,
				3F1983D120E18E4000F8AA03 /* SubtitleCell.swift in Sources */,
				3F51DDB12126A4C7007447EC /* main.swift in Sources */,
				3FC57FB120DB37CC0011F6A6 /* Secrets.swift in Sources */,
				3F2859E921228B25002E3918 /* Result.swift in Sources */,
				3F61461C20E426CC00384213 /* BookTableViewCell.swift in Sources */,
				3FBFE81920EC271800853FAE /* ImageCache.swift in Sources */,
				3FC57F9F20DB24210011F6A6 /* AppDelegate.swift in Sources */,
			);
			runOnlyForDeploymentPostprocessing = 0;
		};
/* End PBXSourcesBuildPhase section */

/* Begin PBXTargetDependency section */
		3F2859DA212281FC002E3918 /* PBXTargetDependency */ = {
			isa = PBXTargetDependency;
			target = 3FC57F9A20DB24210011F6A6 /* biblio */;
			targetProxy = 3F2859D9212281FC002E3918 /* PBXContainerItemProxy */;
		};
/* End PBXTargetDependency section */

/* Begin PBXVariantGroup section */
		3FC57FA220DB24210011F6A6 /* Main.storyboard */ = {
			isa = PBXVariantGroup;
			children = (
				3FC57FA320DB24210011F6A6 /* Base */,
			);
			name = Main.storyboard;
			sourceTree = "<group>";
		};
		3FC57FA720DB24230011F6A6 /* LaunchScreen.storyboard */ = {
			isa = PBXVariantGroup;
			children = (
				3FC57FA820DB24230011F6A6 /* Base */,
			);
			name = LaunchScreen.storyboard;
			sourceTree = "<group>";
		};
/* End PBXVariantGroup section */

/* Begin XCBuildConfiguration section */
		3F2859DB212281FC002E3918 /* Debug */ = {
			isa = XCBuildConfiguration;
			buildSettings = {
				BUNDLE_LOADER = "$(TEST_HOST)";
				CODE_SIGN_STYLE = Automatic;
				FRAMEWORK_SEARCH_PATHS = (
					"$(inherited)",
					"$(PROJECT_DIR)/Carthage/Build/iOS",
				);
				INFOPLIST_FILE = biblioTests/Info.plist;
				LD_RUNPATH_SEARCH_PATHS = (
					"$(inherited)",
					"@executable_path/Frameworks",
					"@loader_path/Frameworks",
				);
				PRODUCT_BUNDLE_IDENTIFIER = com.iflix.biblioTests;
				PRODUCT_NAME = "$(TARGET_NAME)";
				SWIFT_VERSION = 4.0;
				TARGETED_DEVICE_FAMILY = "1,2";
				TEST_HOST = "$(BUILT_PRODUCTS_DIR)/biblio.app/biblio";
			};
			name = Debug;
		};
		3F2859DC212281FC002E3918 /* Release */ = {
			isa = XCBuildConfiguration;
			buildSettings = {
				BUNDLE_LOADER = "$(TEST_HOST)";
				CODE_SIGN_STYLE = Automatic;
				FRAMEWORK_SEARCH_PATHS = (
					"$(inherited)",
					"$(PROJECT_DIR)/Carthage/Build/iOS",
				);
				INFOPLIST_FILE = biblioTests/Info.plist;
				LD_RUNPATH_SEARCH_PATHS = (
					"$(inherited)",
					"@executable_path/Frameworks",
					"@loader_path/Frameworks",
				);
				PRODUCT_BUNDLE_IDENTIFIER = com.iflix.biblioTests;
				PRODUCT_NAME = "$(TARGET_NAME)";
				SWIFT_VERSION = 4.0;
				TARGETED_DEVICE_FAMILY = "1,2";
				TEST_HOST = "$(BUILT_PRODUCTS_DIR)/biblio.app/biblio";
			};
			name = Release;
		};
		3FC57FAB20DB24230011F6A6 /* Debug */ = {
			isa = XCBuildConfiguration;
			buildSettings = {
				ALWAYS_SEARCH_USER_PATHS = NO;
				CLANG_ANALYZER_NONNULL = YES;
				CLANG_ANALYZER_NUMBER_OBJECT_CONVERSION = YES_AGGRESSIVE;
				CLANG_CXX_LANGUAGE_STANDARD = "gnu++14";
				CLANG_CXX_LIBRARY = "libc++";
				CLANG_ENABLE_MODULES = YES;
				CLANG_ENABLE_OBJC_ARC = YES;
				CLANG_ENABLE_OBJC_WEAK = YES;
				CLANG_WARN_BLOCK_CAPTURE_AUTORELEASING = YES;
				CLANG_WARN_BOOL_CONVERSION = YES;
				CLANG_WARN_COMMA = YES;
				CLANG_WARN_CONSTANT_CONVERSION = YES;
				CLANG_WARN_DEPRECATED_OBJC_IMPLEMENTATIONS = YES;
				CLANG_WARN_DIRECT_OBJC_ISA_USAGE = YES_ERROR;
				CLANG_WARN_DOCUMENTATION_COMMENTS = YES;
				CLANG_WARN_EMPTY_BODY = YES;
				CLANG_WARN_ENUM_CONVERSION = YES;
				CLANG_WARN_INFINITE_RECURSION = YES;
				CLANG_WARN_INT_CONVERSION = YES;
				CLANG_WARN_NON_LITERAL_NULL_CONVERSION = YES;
				CLANG_WARN_OBJC_IMPLICIT_RETAIN_SELF = YES;
				CLANG_WARN_OBJC_LITERAL_CONVERSION = YES;
				CLANG_WARN_OBJC_ROOT_CLASS = YES_ERROR;
				CLANG_WARN_RANGE_LOOP_ANALYSIS = YES;
				CLANG_WARN_STRICT_PROTOTYPES = YES;
				CLANG_WARN_SUSPICIOUS_MOVE = YES;
				CLANG_WARN_UNGUARDED_AVAILABILITY = YES_AGGRESSIVE;
				CLANG_WARN_UNREACHABLE_CODE = YES;
				CLANG_WARN__DUPLICATE_METHOD_MATCH = YES;
				CODE_SIGN_IDENTITY = "iPhone Developer";
				COPY_PHASE_STRIP = NO;
				DEBUG_INFORMATION_FORMAT = dwarf;
				ENABLE_STRICT_OBJC_MSGSEND = YES;
				ENABLE_TESTABILITY = YES;
				GCC_C_LANGUAGE_STANDARD = gnu11;
				GCC_DYNAMIC_NO_PIC = NO;
				GCC_NO_COMMON_BLOCKS = YES;
				GCC_OPTIMIZATION_LEVEL = 0;
				GCC_PREPROCESSOR_DEFINITIONS = (
					"DEBUG=1",
					"$(inherited)",
				);
				GCC_WARN_64_TO_32_BIT_CONVERSION = YES;
				GCC_WARN_ABOUT_RETURN_TYPE = YES_ERROR;
				GCC_WARN_UNDECLARED_SELECTOR = YES;
				GCC_WARN_UNINITIALIZED_AUTOS = YES_AGGRESSIVE;
				GCC_WARN_UNUSED_FUNCTION = YES;
				GCC_WARN_UNUSED_VARIABLE = YES;
				IPHONEOS_DEPLOYMENT_TARGET = 11.4;
				MTL_ENABLE_DEBUG_INFO = YES;
				ONLY_ACTIVE_ARCH = YES;
				SDKROOT = iphoneos;
				SWIFT_ACTIVE_COMPILATION_CONDITIONS = DEBUG;
				SWIFT_OPTIMIZATION_LEVEL = "-Onone";
			};
			name = Debug;
		};
		3FC57FAC20DB24230011F6A6 /* Release */ = {
			isa = XCBuildConfiguration;
			buildSettings = {
				ALWAYS_SEARCH_USER_PATHS = NO;
				CLANG_ANALYZER_NONNULL = YES;
				CLANG_ANALYZER_NUMBER_OBJECT_CONVERSION = YES_AGGRESSIVE;
				CLANG_CXX_LANGUAGE_STANDARD = "gnu++14";
				CLANG_CXX_LIBRARY = "libc++";
				CLANG_ENABLE_MODULES = YES;
				CLANG_ENABLE_OBJC_ARC = YES;
				CLANG_ENABLE_OBJC_WEAK = YES;
				CLANG_WARN_BLOCK_CAPTURE_AUTORELEASING = YES;
				CLANG_WARN_BOOL_CONVERSION = YES;
				CLANG_WARN_COMMA = YES;
				CLANG_WARN_CONSTANT_CONVERSION = YES;
				CLANG_WARN_DEPRECATED_OBJC_IMPLEMENTATIONS = YES;
				CLANG_WARN_DIRECT_OBJC_ISA_USAGE = YES_ERROR;
				CLANG_WARN_DOCUMENTATION_COMMENTS = YES;
				CLANG_WARN_EMPTY_BODY = YES;
				CLANG_WARN_ENUM_CONVERSION = YES;
				CLANG_WARN_INFINITE_RECURSION = YES;
				CLANG_WARN_INT_CONVERSION = YES;
				CLANG_WARN_NON_LITERAL_NULL_CONVERSION = YES;
				CLANG_WARN_OBJC_IMPLICIT_RETAIN_SELF = YES;
				CLANG_WARN_OBJC_LITERAL_CONVERSION = YES;
				CLANG_WARN_OBJC_ROOT_CLASS = YES_ERROR;
				CLANG_WARN_RANGE_LOOP_ANALYSIS = YES;
				CLANG_WARN_STRICT_PROTOTYPES = YES;
				CLANG_WARN_SUSPICIOUS_MOVE = YES;
				CLANG_WARN_UNGUARDED_AVAILABILITY = YES_AGGRESSIVE;
				CLANG_WARN_UNREACHABLE_CODE = YES;
				CLANG_WARN__DUPLICATE_METHOD_MATCH = YES;
				CODE_SIGN_IDENTITY = "iPhone Developer";
				COPY_PHASE_STRIP = NO;
				DEBUG_INFORMATION_FORMAT = "dwarf-with-dsym";
				ENABLE_NS_ASSERTIONS = NO;
				ENABLE_STRICT_OBJC_MSGSEND = YES;
				GCC_C_LANGUAGE_STANDARD = gnu11;
				GCC_NO_COMMON_BLOCKS = YES;
				GCC_WARN_64_TO_32_BIT_CONVERSION = YES;
				GCC_WARN_ABOUT_RETURN_TYPE = YES_ERROR;
				GCC_WARN_UNDECLARED_SELECTOR = YES;
				GCC_WARN_UNINITIALIZED_AUTOS = YES_AGGRESSIVE;
				GCC_WARN_UNUSED_FUNCTION = YES;
				GCC_WARN_UNUSED_VARIABLE = YES;
				IPHONEOS_DEPLOYMENT_TARGET = 11.4;
				MTL_ENABLE_DEBUG_INFO = NO;
				SDKROOT = iphoneos;
				SWIFT_COMPILATION_MODE = wholemodule;
				SWIFT_OPTIMIZATION_LEVEL = "-O";
				VALIDATE_PRODUCT = YES;
			};
			name = Release;
		};
		3FC57FAE20DB24230011F6A6 /* Debug */ = {
			isa = XCBuildConfiguration;
			buildSettings = {
				ASSETCATALOG_COMPILER_APPICON_NAME = AppIcon;
				CODE_SIGN_STYLE = Automatic;
				DEVELOPMENT_TEAM = 63EWLY2W55;
				INFOPLIST_FILE = biblio/Info.plist;
				LD_RUNPATH_SEARCH_PATHS = (
					"$(inherited)",
					"@executable_path/Frameworks",
				);
				PRODUCT_BUNDLE_IDENTIFIER = opensource.mokagio.ios.biblio;
				PRODUCT_NAME = "$(TARGET_NAME)";
				SWIFT_VERSION = 4.0;
				TARGETED_DEVICE_FAMILY = "1,2";
			};
			name = Debug;
		};
		3FC57FAF20DB24230011F6A6 /* Release */ = {
			isa = XCBuildConfiguration;
			buildSettings = {
				ASSETCATALOG_COMPILER_APPICON_NAME = AppIcon;
				CODE_SIGN_STYLE = Automatic;
				DEVELOPMENT_TEAM = 63EWLY2W55;
				INFOPLIST_FILE = biblio/Info.plist;
				LD_RUNPATH_SEARCH_PATHS = (
					"$(inherited)",
					"@executable_path/Frameworks",
				);
				PRODUCT_BUNDLE_IDENTIFIER = opensource.mokagio.ios.biblio;
				PRODUCT_NAME = "$(TARGET_NAME)";
				SWIFT_VERSION = 4.0;
				TARGETED_DEVICE_FAMILY = "1,2";
			};
			name = Release;
		};
/* End XCBuildConfiguration section */

/* Begin XCConfigurationList section */
		3F2859DD212281FC002E3918 /* Build configuration list for PBXNativeTarget "biblioTests" */ = {
			isa = XCConfigurationList;
			buildConfigurations = (
				3F2859DB212281FC002E3918 /* Debug */,
				3F2859DC212281FC002E3918 /* Release */,
			);
			defaultConfigurationIsVisible = 0;
			defaultConfigurationName = Release;
		};
		3FC57F9620DB24210011F6A6 /* Build configuration list for PBXProject "biblio" */ = {
			isa = XCConfigurationList;
			buildConfigurations = (
				3FC57FAB20DB24230011F6A6 /* Debug */,
				3FC57FAC20DB24230011F6A6 /* Release */,
			);
			defaultConfigurationIsVisible = 0;
			defaultConfigurationName = Release;
		};
		3FC57FAD20DB24230011F6A6 /* Build configuration list for PBXNativeTarget "biblio" */ = {
			isa = XCConfigurationList;
			buildConfigurations = (
				3FC57FAE20DB24230011F6A6 /* Debug */,
				3FC57FAF20DB24230011F6A6 /* Release */,
			);
			defaultConfigurationIsVisible = 0;
			defaultConfigurationName = Release;
		};
/* End XCConfigurationList section */
	};
	rootObject = 3FC57F9320DB24210011F6A6 /* Project object */;
}
